
Microsoft Visual Studio Solution File, Format Version 12.00
# Visual Studio Version 16
VisualStudioVersion = 16.0.29905.134
MinimumVisualStudioVersion = 10.0.40219.1
Project("{FAE04EC0-301F-11D3-BF4B-00C04F79EFBC}") = "WebApplication1", "WebApplication1\WebApplication1.csproj", "{D7FF8779-4795-4EE9-BF11-1B985006FDCC}"
EndProject
Global
	GlobalSection(SolutionConfigurationPlatforms) = preSolution
		Debug|Any CPU = Debug|Any CPU
		Release|Any CPU = Release|Any CPU
	EndGlobalSection
	GlobalSection(ProjectConfigurationPlatforms) = postSolution
		{D7FF8779-4795-4EE9-BF11-1B985006FDCC}.Debug|Any CPU.ActiveCfg = Debug|Any CPU
		{D7FF8779-4795-4EE9-BF11-1B985006FDCC}.Debug|Any CPU.Build.0 = Debug|Any CPU
		{D7FF8779-4795-4EE9-BF11-1B985006FDCC}.Release|Any CPU.ActiveCfg = Release|Any CPU
		{D7FF8779-4795-4EE9-BF11-1B985006FDCC}.Release|Any CPU.Build.0 = Release|Any CPU
	EndGlobalSection
	GlobalSection(SolutionProperties) = preSolution
		HideSolutionNode = FALSE
	EndGlobalSection
	GlobalSection(ExtensibilityGlobals) = postSolution
		SolutionGuid = {20F6CA3C-E754-43E6-B0B3-A6D15924846A}
	EndGlobalSection
EndGlobal
